
Microsoft Visual Studio Solution File, Format Version 12.00
# Visual Studio Version 16
VisualStudioVersion = 16.0.31911.196
MinimumVisualStudioVersion = 10.0.40219.1
Project("{FAE04EC0-301F-11D3-BF4B-00C04F79EFBC}") = "FaturaYonetimSistemi", "FaturaYonetimSistemi\FaturaYonetimSistemi.csproj", "{7DAFF349-1630-4818-B6AD-4E35CA69733A}"
EndProject
Project("{FAE04EC0-301F-11D3-BF4B-00C04F79EFBC}") = "BusinessLayer", "BusinessLayer\BusinessLayer.csproj", "{E7A21FA3-1700-4878-9F72-7642CC4EA25F}"
EndProject
Project("{FAE04EC0-301F-11D3-BF4B-00C04F79EFBC}") = "DataAccessLayer", "DataAccessLayer\DataAccessLayer.csproj", "{47A7587A-9846-4EEC-A3D6-C4CFE32A1D9E}"
EndProject
Project("{FAE04EC0-301F-11D3-BF4B-00C04F79EFBC}") = "EntityLayer", "EntityLayer\EntityLayer.csproj", "{B278C873-79D3-49A5-B9B9-A8B9211EBAF2}"
EndProject
Project("{FAE04EC0-301F-11D3-BF4B-00C04F79EFBC}") = "KrediKartiAPI", "KrediKartiAPI\KrediKartiAPI.csproj", "{238A1509-70F7-41C1-A612-A93AB5909EBD}"
EndProject
Global
	GlobalSection(SolutionConfigurationPlatforms) = preSolution
		Debug|Any CPU = Debug|Any CPU
		Release|Any CPU = Release|Any CPU
	EndGlobalSection
	GlobalSection(ProjectConfigurationPlatforms) = postSolution
		{7DAFF349-1630-4818-B6AD-4E35CA69733A}.Debug|Any CPU.ActiveCfg = Debug|Any CPU
		{7DAFF349-1630-4818-B6AD-4E35CA69733A}.Debug|Any CPU.Build.0 = Debug|Any CPU
		{7DAFF349-1630-4818-B6AD-4E35CA69733A}.Release|Any CPU.ActiveCfg = Release|Any CPU
		{7DAFF349-1630-4818-B6AD-4E35CA69733A}.Release|Any CPU.Build.0 = Release|Any CPU
		{E7A21FA3-1700-4878-9F72-7642CC4EA25F}.Debug|Any CPU.ActiveCfg = Debug|Any CPU
		{E7A21FA3-1700-4878-9F72-7642CC4EA25F}.Debug|Any CPU.Build.0 = Debug|Any CPU
		{E7A21FA3-1700-4878-9F72-7642CC4EA25F}.Release|Any CPU.ActiveCfg = Release|Any CPU
		{E7A21FA3-1700-4878-9F72-7642CC4EA25F}.Release|Any CPU.Build.0 = Release|Any CPU
		{47A7587A-9846-4EEC-A3D6-C4CFE32A1D9E}.Debug|Any CPU.ActiveCfg = Debug|Any CPU
		{47A7587A-9846-4EEC-A3D6-C4CFE32A1D9E}.Debug|Any CPU.Build.0 = Debug|Any CPU
		{47A7587A-9846-4EEC-A3D6-C4CFE32A1D9E}.Release|Any CPU.ActiveCfg = Release|Any CPU
		{47A7587A-9846-4EEC-A3D6-C4CFE32A1D9E}.Release|Any CPU.Build.0 = Release|Any CPU
		{B278C873-79D3-49A5-B9B9-A8B9211EBAF2}.Debug|Any CPU.ActiveCfg = Debug|Any CPU
		{B278C873-79D3-49A5-B9B9-A8B9211EBAF2}.Debug|Any CPU.Build.0 = Debug|Any CPU
		{B278C873-79D3-49A5-B9B9-A8B9211EBAF2}.Release|Any CPU.ActiveCfg = Release|Any CPU
		{B278C873-79D3-49A5-B9B9-A8B9211EBAF2}.Release|Any CPU.Build.0 = Release|Any CPU
		{238A1509-70F7-41C1-A612-A93AB5909EBD}.Debug|Any CPU.ActiveCfg = Debug|Any CPU
		{238A1509-70F7-41C1-A612-A93AB5909EBD}.Debug|Any CPU.Build.0 = Debug|Any CPU
		{238A1509-70F7-41C1-A612-A93AB5909EBD}.Release|Any CPU.ActiveCfg = Release|Any CPU
		{238A1509-70F7-41C1-A612-A93AB5909EBD}.Release|Any CPU.Build.0 = Release|Any CPU
	EndGlobalSection
	GlobalSection(SolutionProperties) = preSolution
		HideSolutionNode = FALSE
	EndGlobalSection
	GlobalSection(ExtensibilityGlobals) = postSolution
		SolutionGuid = {DA49D84E-B144-4A38-93DE-2664376A50B8}
	EndGlobalSection
EndGlobal
